
Microsoft Visual Studio Solution File, Format Version 12.00
# Visual Studio Version 16
VisualStudioVersion = 16.0.31129.286
MinimumVisualStudioVersion = 10.0.40219.1
Project("{FAE04EC0-301F-11D3-BF4B-00C04F79EFBC}") = "ProjekatPrviDeo", "ProjekatPrviDeo\ProjekatPrviDeo.csproj", "{B4090876-E360-4D12-9CFA-7FB9FA559BAA}"
EndProject
Global
	GlobalSection(SolutionConfigurationPlatforms) = preSolution
		Debug|Any CPU = Debug|Any CPU
		Release|Any CPU = Release|Any CPU
	EndGlobalSection
	GlobalSection(ProjectConfigurationPlatforms) = postSolution
		{B4090876-E360-4D12-9CFA-7FB9FA559BAA}.Debug|Any CPU.ActiveCfg = Debug|Any CPU
		{B4090876-E360-4D12-9CFA-7FB9FA559BAA}.Debug|Any CPU.Build.0 = Debug|Any CPU
		{B4090876-E360-4D12-9CFA-7FB9FA559BAA}.Release|Any CPU.ActiveCfg = Release|Any CPU
		{B4090876-E360-4D12-9CFA-7FB9FA559BAA}.Release|Any CPU.Build.0 = Release|Any CPU
	EndGlobalSection
	GlobalSection(SolutionProperties) = preSolution
		HideSolutionNode = FALSE
	EndGlobalSection
	GlobalSection(ExtensibilityGlobals) = postSolution
		SolutionGuid = {F37E9889-DCBF-4752-A548-C87030AA2429}
	EndGlobalSection
EndGlobal
